
Microsoft Visual Studio Solution File, Format Version 12.00
# Visual Studio Version 16
VisualStudioVersion = 16.0.31129.286
MinimumVisualStudioVersion = 10.0.40219.1
Project("{9A19103F-16F7-4668-BE54-9A1E7A4F7556}") = "CodeFirstSimpleExample", "EntityFramework\CodeFirstSimpleExample.csproj", "{66E5E608-B39C-40AF-AE6F-39548D2787AB}"
EndProject
Project("{9A19103F-16F7-4668-BE54-9A1E7A4F7556}") = "DatabaseFirstSimpleExample", "DatabaseFirstSimpleExample\DatabaseFirstSimpleExample.csproj", "{EDB0F30E-D406-4E64-A54A-1E777F191B8F}"
EndProject
Project("{2150E333-8FDC-42A3-9474-1A3956D46DE8}") = "Solution Items", "Solution Items", "{3DC0DCC2-661F-4067-BA7A-0EBFC8213E67}"
	ProjectSection(SolutionItems) = preProject
		Readme.txt = Readme.txt
	EndProjectSection
EndProject
Project("{9A19103F-16F7-4668-BE54-9A1E7A4F7556}") = "DatabaseFirst", "DatabaseFirst\DatabaseFirst.csproj", "{16F47EC7-C8D7-46E1-AC4F-BC4336779F29}"
EndProject
Project("{FAE04EC0-301F-11D3-BF4B-00C04F79EFBC}") = "CodeFirst", "CodeFirst\CodeFirst.csproj", "{9138F866-4DCD-42E5-82DD-D3CA6254822C}"
EndProject
Global
	GlobalSection(SolutionConfigurationPlatforms) = preSolution
		Debug|Any CPU = Debug|Any CPU
		Release|Any CPU = Release|Any CPU
	EndGlobalSection
	GlobalSection(ProjectConfigurationPlatforms) = postSolution
		{66E5E608-B39C-40AF-AE6F-39548D2787AB}.Debug|Any CPU.ActiveCfg = Debug|Any CPU
		{66E5E608-B39C-40AF-AE6F-39548D2787AB}.Debug|Any CPU.Build.0 = Debug|Any CPU
		{66E5E608-B39C-40AF-AE6F-39548D2787AB}.Release|Any CPU.ActiveCfg = Release|Any CPU
		{66E5E608-B39C-40AF-AE6F-39548D2787AB}.Release|Any CPU.Build.0 = Release|Any CPU
		{EDB0F30E-D406-4E64-A54A-1E777F191B8F}.Debug|Any CPU.ActiveCfg = Debug|Any CPU
		{EDB0F30E-D406-4E64-A54A-1E777F191B8F}.Debug|Any CPU.Build.0 = Debug|Any CPU
		{EDB0F30E-D406-4E64-A54A-1E777F191B8F}.Release|Any CPU.ActiveCfg = Release|Any CPU
		{EDB0F30E-D406-4E64-A54A-1E777F191B8F}.Release|Any CPU.Build.0 = Release|Any CPU
		{16F47EC7-C8D7-46E1-AC4F-BC4336779F29}.Debug|Any CPU.ActiveCfg = Debug|Any CPU
		{16F47EC7-C8D7-46E1-AC4F-BC4336779F29}.Debug|Any CPU.Build.0 = Debug|Any CPU
		{16F47EC7-C8D7-46E1-AC4F-BC4336779F29}.Release|Any CPU.ActiveCfg = Release|Any CPU
		{16F47EC7-C8D7-46E1-AC4F-BC4336779F29}.Release|Any CPU.Build.0 = Release|Any CPU
		{9138F866-4DCD-42E5-82DD-D3CA6254822C}.Debug|Any CPU.ActiveCfg = Debug|Any CPU
		{9138F866-4DCD-42E5-82DD-D3CA6254822C}.Debug|Any CPU.Build.0 = Debug|Any CPU
		{9138F866-4DCD-42E5-82DD-D3CA6254822C}.Release|Any CPU.ActiveCfg = Release|Any CPU
		{9138F866-4DCD-42E5-82DD-D3CA6254822C}.Release|Any CPU.Build.0 = Release|Any CPU
	EndGlobalSection
	GlobalSection(SolutionProperties) = preSolution
		HideSolutionNode = FALSE
	EndGlobalSection
	GlobalSection(ExtensibilityGlobals) = postSolution
		SolutionGuid = {E5A5FFDD-9F52-40A9-BF4A-EC37B3112556}
	EndGlobalSection
EndGlobal
